// !$*UTF8*$!
{
	archiveVersion = 1;
	classes = {
	};
	objectVersion = 56;
	objects = {

/* Begin PBXBuildFile section */
		1837581A2AA8888900C5A005 /* SandstormSoftwareTextAppApp.swift in Sources */ = {isa = PBXBuildFile; fileRef = 183758192AA8888900C5A005 /* SandstormSoftwareTextAppApp.swift */; };
		1837581E2AA8888B00C5A005 /* Assets.xcassets in Resources */ = {isa = PBXBuildFile; fileRef = 1837581D2AA8888B00C5A005 /* Assets.xcassets */; };
		183758212AA8888B00C5A005 /* Preview Assets.xcassets in Resources */ = {isa = PBXBuildFile; fileRef = 183758202AA8888B00C5A005 /* Preview Assets.xcassets */; };
		1837582E2AA889A600C5A005 /* MainView.swift in Sources */ = {isa = PBXBuildFile; fileRef = 1837582D2AA889A600C5A005 /* MainView.swift */; };
		183758322AA88DCD00C5A005 /* MainViewModel.swift in Sources */ = {isa = PBXBuildFile; fileRef = 183758312AA88DCD00C5A005 /* MainViewModel.swift */; };
		183758342AA88F5500C5A005 /* CustomButtonView.swift in Sources */ = {isa = PBXBuildFile; fileRef = 183758332AA88F5500C5A005 /* CustomButtonView.swift */; };
		183758372AA890BC00C5A005 /* Constants.swift in Sources */ = {isa = PBXBuildFile; fileRef = 183758362AA890BC00C5A005 /* Constants.swift */; };
		1837583E2AA8A74200C5A005 /* DetailView.swift in Sources */ = {isa = PBXBuildFile; fileRef = 1837583D2AA8A74200C5A005 /* DetailView.swift */; };
/* End PBXBuildFile section */

/* Begin PBXFileReference section */
		183758162AA8888900C5A005 /* SandstormSoftwareTextApp.app */ = {isa = PBXFileReference; explicitFileType = wrapper.application; includeInIndex = 0; path = SandstormSoftwareTextApp.app; sourceTree = BUILT_PRODUCTS_DIR; };
		183758192AA8888900C5A005 /* SandstormSoftwareTextAppApp.swift */ = {isa = PBXFileReference; lastKnownFileType = sourcecode.swift; path = SandstormSoftwareTextAppApp.swift; sourceTree = "<group>"; };
		1837581D2AA8888B00C5A005 /* Assets.xcassets */ = {isa = PBXFileReference; lastKnownFileType = folder.assetcatalog; path = Assets.xcassets; sourceTree = "<group>"; };
		183758202AA8888B00C5A005 /* Preview Assets.xcassets */ = {isa = PBXFileReference; lastKnownFileType = folder.assetcatalog; path = "Preview Assets.xcassets"; sourceTree = "<group>"; };
		1837582D2AA889A600C5A005 /* MainView.swift */ = {isa = PBXFileReference; lastKnownFileType = sourcecode.swift; path = MainView.swift; sourceTree = "<group>"; };
		183758312AA88DCD00C5A005 /* MainViewModel.swift */ = {isa = PBXFileReference; lastKnownFileType = sourcecode.swift; path = MainViewModel.swift; sourceTree = "<group>"; };
		183758332AA88F5500C5A005 /* CustomButtonView.swift */ = {isa = PBXFileReference; lastKnownFileType = sourcecode.swift; path = CustomButtonView.swift; sourceTree = "<group>"; };
		183758362AA890BC00C5A005 /* Constants.swift */ = {isa = PBXFileReference; lastKnownFileType = sourcecode.swift; path = Constants.swift; sourceTree = "<group>"; };
		1837583D2AA8A74200C5A005 /* DetailView.swift */ = {isa = PBXFileReference; lastKnownFileType = sourcecode.swift; path = DetailView.swift; sourceTree = "<group>"; };
/* End PBXFileReference section */

/* Begin PBXFrameworksBuildPhase section */
		183758132AA8888900C5A005 /* Frameworks */ = {
			isa = PBXFrameworksBuildPhase;
			buildActionMask = 2147483647;
			files = (
			);
			runOnlyForDeploymentPostprocessing = 0;
		};
/* End PBXFrameworksBuildPhase section */

/* Begin PBXGroup section */
		1837580D2AA8888900C5A005 = {
			isa = PBXGroup;
			children = (
				183758182AA8888900C5A005 /* SandstormSoftwareTextApp */,
				183758172AA8888900C5A005 /* Products */,
			);
			sourceTree = "<group>";
		};
		183758172AA8888900C5A005 /* Products */ = {
			isa = PBXGroup;
			children = (
				183758162AA8888900C5A005 /* SandstormSoftwareTextApp.app */,
			);
			name = Products;
			sourceTree = "<group>";
		};
		183758182AA8888900C5A005 /* SandstormSoftwareTextApp */ = {
			isa = PBXGroup;
			children = (
				183758352AA890AF00C5A005 /* Library */,
				183758272AA8893500C5A005 /* Main */,
				183758282AA8893D00C5A005 /* UserStories */,
				1837581F2AA8888B00C5A005 /* Preview Content */,
			);
			path = SandstormSoftwareTextApp;
			sourceTree = "<group>";
		};
		1837581F2AA8888B00C5A005 /* Preview Content */ = {
			isa = PBXGroup;
			children = (
				183758202AA8888B00C5A005 /* Preview Assets.xcassets */,
			);
			path = "Preview Content";
			sourceTree = "<group>";
		};
		183758272AA8893500C5A005 /* Main */ = {
			isa = PBXGroup;
			children = (
				183758192AA8888900C5A005 /* SandstormSoftwareTextAppApp.swift */,
				1837581D2AA8888B00C5A005 /* Assets.xcassets */,
			);
			path = Main;
			sourceTree = "<group>";
		};
		183758282AA8893D00C5A005 /* UserStories */ = {
			isa = PBXGroup;
			children = (
				183758292AA8896900C5A005 /* Main */,
			);
			path = UserStories;
			sourceTree = "<group>";
		};
		183758292AA8896900C5A005 /* Main */ = {
			isa = PBXGroup;
			children = (
				1837582A2AA8897B00C5A005 /* TextAppBuilder */,
			);
			path = Main;
			sourceTree = "<group>";
		};
		1837582A2AA8897B00C5A005 /* TextAppBuilder */ = {
			isa = PBXGroup;
			children = (
				1837582C2AA8898C00C5A005 /* MainScreen */,
				183758392AA8A71000C5A005 /* DetailScreen */,
			);
			path = TextAppBuilder;
			sourceTree = "<group>";
		};
		1837582C2AA8898C00C5A005 /* MainScreen */ = {
			isa = PBXGroup;
			children = (
				1837582F2AA88DA800C5A005 /* View */,
				183758302AA88DAE00C5A005 /* ViewModel */,
			);
			path = MainScreen;
			sourceTree = "<group>";
		};
		1837582F2AA88DA800C5A005 /* View */ = {
			isa = PBXGroup;
			children = (
				1837582D2AA889A600C5A005 /* MainView.swift */,
			);
			path = View;
			sourceTree = "<group>";
		};
		183758302AA88DAE00C5A005 /* ViewModel */ = {
			isa = PBXGroup;
			children = (
				183758312AA88DCD00C5A005 /* MainViewModel.swift */,
			);
			path = ViewModel;
			sourceTree = "<group>";
		};
		183758352AA890AF00C5A005 /* Library */ = {
			isa = PBXGroup;
			children = (
				183758382AA8931100C5A005 /* Components */,
				183758362AA890BC00C5A005 /* Constants.swift */,
			);
			path = Library;
			sourceTree = "<group>";
		};
		183758382AA8931100C5A005 /* Components */ = {
			isa = PBXGroup;
			children = (
				183758332AA88F5500C5A005 /* CustomButtonView.swift */,
			);
			path = Components;
			sourceTree = "<group>";
		};
		183758392AA8A71000C5A005 /* DetailScreen */ = {
			isa = PBXGroup;
			children = (
				1837583A2AA8A72000C5A005 /* View */,
				1837583B2AA8A72400C5A005 /* ViewModel */,
			);
			path = DetailScreen;
			sourceTree = "<group>";
		};
		1837583A2AA8A72000C5A005 /* View */ = {
			isa = PBXGroup;
			children = (
				1837583D2AA8A74200C5A005 /* DetailView.swift */,
			);
			path = View;
			sourceTree = "<group>";
		};
		1837583B2AA8A72400C5A005 /* ViewModel */ = {
			isa = PBXGroup;
			children = (
			);
			path = ViewModel;
			sourceTree = "<group>";
		};
/* End PBXGroup section */

/* Begin PBXNativeTarget section */
		183758152AA8888900C5A005 /* SandstormSoftwareTextApp */ = {
			isa = PBXNativeTarget;
			buildConfigurationList = 183758242AA8888B00C5A005 /* Build configuration list for PBXNativeTarget "SandstormSoftwareTextApp" */;
			buildPhases = (
				183758122AA8888900C5A005 /* Sources */,
				183758132AA8888900C5A005 /* Frameworks */,
				183758142AA8888900C5A005 /* Resources */,
			);
			buildRules = (
			);
			dependencies = (
			);
			name = SandstormSoftwareTextApp;
			productName = SandstormSoftwareTextApp;
			productReference = 183758162AA8888900C5A005 /* SandstormSoftwareTextApp.app */;
			productType = "com.apple.product-type.application";
		};
/* End PBXNativeTarget section */

/* Begin PBXProject section */
		1837580E2AA8888900C5A005 /* Project object */ = {
			isa = PBXProject;
			attributes = {
				BuildIndependentTargetsInParallel = 1;
				LastSwiftUpdateCheck = 1430;
				LastUpgradeCheck = 1430;
				TargetAttributes = {
					183758152AA8888900C5A005 = {
						CreatedOnToolsVersion = 14.3;
					};
				};
			};
			buildConfigurationList = 183758112AA8888900C5A005 /* Build configuration list for PBXProject "SandstormSoftwareTextApp" */;
			compatibilityVersion = "Xcode 14.0";
			developmentRegion = en;
			hasScannedForEncodings = 0;
			knownRegions = (
				en,
				Base,
			);
			mainGroup = 1837580D2AA8888900C5A005;
			productRefGroup = 183758172AA8888900C5A005 /* Products */;
			projectDirPath = "";
			projectRoot = "";
			targets = (
				183758152AA8888900C5A005 /* SandstormSoftwareTextApp */,
			);
		};
/* End PBXProject section */

/* Begin PBXResourcesBuildPhase section */
		183758142AA8888900C5A005 /* Resources */ = {
			isa = PBXResourcesBuildPhase;
			buildActionMask = 2147483647;
			files = (
				183758212AA8888B00C5A005 /* Preview Assets.xcassets in Resources */,
				1837581E2AA8888B00C5A005 /* Assets.xcassets in Resources */,
			);
			runOnlyForDeploymentPostprocessing = 0;
		};
/* End PBXResourcesBuildPhase section */

/* Begin PBXSourcesBuildPhase section */
		183758122AA8888900C5A005 /* Sources */ = {
			isa = PBXSourcesBuildPhase;
			buildActionMask = 2147483647;
			files = (
				183758372AA890BC00C5A005 /* Constants.swift in Sources */,
				1837583E2AA8A74200C5A005 /* DetailView.swift in Sources */,
				1837582E2AA889A600C5A005 /* MainView.swift in Sources */,
				1837581A2AA8888900C5A005 /* SandstormSoftwareTextAppApp.swift in Sources */,
				183758322AA88DCD00C5A005 /* MainViewModel.swift in Sources */,
				183758342AA88F5500C5A005 /* CustomButtonView.swift in Sources */,
			);
			runOnlyForDeploymentPostprocessing = 0;
		};
/* End PBXSourcesBuildPhase section */

/* Begin XCBuildConfiguration section */
		183758222AA8888B00C5A005 /* Debug */ = {
			isa = XCBuildConfiguration;
			buildSettings = {
				ALWAYS_SEARCH_USER_PATHS = NO;
				CLANG_ANALYZER_NONNULL = YES;
				CLANG_ANALYZER_NUMBER_OBJECT_CONVERSION = YES_AGGRESSIVE;
				CLANG_CXX_LANGUAGE_STANDARD = "gnu++20";
				CLANG_ENABLE_MODULES = YES;
				CLANG_ENABLE_OBJC_ARC = YES;
				CLANG_ENABLE_OBJC_WEAK = YES;
				CLANG_WARN_BLOCK_CAPTURE_AUTORELEASING = YES;
				CLANG_WARN_BOOL_CONVERSION = YES;
				CLANG_WARN_COMMA = YES;
				CLANG_WARN_CONSTANT_CONVERSION = YES;
				CLANG_WARN_DEPRECATED_OBJC_IMPLEMENTATIONS = YES;
				CLANG_WARN_DIRECT_OBJC_ISA_USAGE = YES_ERROR;
				CLANG_WARN_DOCUMENTATION_COMMENTS = YES;
				CLANG_WARN_EMPTY_BODY = YES;
				CLANG_WARN_ENUM_CONVERSION = YES;
				CLANG_WARN_INFINITE_RECURSION = YES;
				CLANG_WARN_INT_CONVERSION = YES;
				CLANG_WARN_NON_LITERAL_NULL_CONVERSION = YES;
				CLANG_WARN_OBJC_IMPLICIT_RETAIN_SELF = YES;
				CLANG_WARN_OBJC_LITERAL_CONVERSION = YES;
				CLANG_WARN_OBJC_ROOT_CLASS = YES_ERROR;
				CLANG_WARN_QUOTED_INCLUDE_IN_FRAMEWORK_HEADER = YES;
				CLANG_WARN_RANGE_LOOP_ANALYSIS = YES;
				CLANG_WARN_STRICT_PROTOTYPES = YES;
				CLANG_WARN_SUSPICIOUS_MOVE = YES;
				CLANG_WARN_UNGUARDED_AVAILABILITY = YES_AGGRESSIVE;
				CLANG_WARN_UNREACHABLE_CODE = YES;
				CLANG_WARN__DUPLICATE_METHOD_MATCH = YES;
				COPY_PHASE_STRIP = NO;
				DEBUG_INFORMATION_FORMAT = dwarf;
				ENABLE_STRICT_OBJC_MSGSEND = YES;
				ENABLE_TESTABILITY = YES;
				GCC_C_LANGUAGE_STANDARD = gnu11;
				GCC_DYNAMIC_NO_PIC = NO;
				GCC_NO_COMMON_BLOCKS = YES;
				GCC_OPTIMIZATION_LEVEL = 0;
				GCC_PREPROCESSOR_DEFINITIONS = (
					"DEBUG=1",
					"$(inherited)",
				);
				GCC_WARN_64_TO_32_BIT_CONVERSION = YES;
				GCC_WARN_ABOUT_RETURN_TYPE = YES_ERROR;
				GCC_WARN_UNDECLARED_SELECTOR = YES;
				GCC_WARN_UNINITIALIZED_AUTOS = YES_AGGRESSIVE;
				GCC_WARN_UNUSED_FUNCTION = YES;
				GCC_WARN_UNUSED_VARIABLE = YES;
				IPHONEOS_DEPLOYMENT_TARGET = 16.4;
				MTL_ENABLE_DEBUG_INFO = INCLUDE_SOURCE;
				MTL_FAST_MATH = YES;
				ONLY_ACTIVE_ARCH = YES;
				SDKROOT = iphoneos;
				SWIFT_ACTIVE_COMPILATION_CONDITIONS = DEBUG;
				SWIFT_OPTIMIZATION_LEVEL = "-Onone";
			};
			name = Debug;
		};
		183758232AA8888B00C5A005 /* Release */ = {
			isa = XCBuildConfiguration;
			buildSettings = {
				ALWAYS_SEARCH_USER_PATHS = NO;
				CLANG_ANALYZER_NONNULL = YES;
				CLANG_ANALYZER_NUMBER_OBJECT_CONVERSION = YES_AGGRESSIVE;
				CLANG_CXX_LANGUAGE_STANDARD = "gnu++20";
				CLANG_ENABLE_MODULES = YES;
				CLANG_ENABLE_OBJC_ARC = YES;
				CLANG_ENABLE_OBJC_WEAK = YES;
				CLANG_WARN_BLOCK_CAPTURE_AUTORELEASING = YES;
				CLANG_WARN_BOOL_CONVERSION = YES;
				CLANG_WARN_COMMA = YES;
				CLANG_WARN_CONSTANT_CONVERSION = YES;
				CLANG_WARN_DEPRECATED_OBJC_IMPLEMENTATIONS = YES;
				CLANG_WARN_DIRECT_OBJC_ISA_USAGE = YES_ERROR;
				CLANG_WARN_DOCUMENTATION_COMMENTS = YES;
				CLANG_WARN_EMPTY_BODY = YES;
				CLANG_WARN_ENUM_CONVERSION = YES;
				CLANG_WARN_INFINITE_RECURSION = YES;
				CLANG_WARN_INT_CONVERSION = YES;
				CLANG_WARN_NON_LITERAL_NULL_CONVERSION = YES;
				CLANG_WARN_OBJC_IMPLICIT_RETAIN_SELF = YES;
				CLANG_WARN_OBJC_LITERAL_CONVERSION = YES;
				CLANG_WARN_OBJC_ROOT_CLASS = YES_ERROR;
				CLANG_WARN_QUOTED_INCLUDE_IN_FRAMEWORK_HEADER = YES;
				CLANG_WARN_RANGE_LOOP_ANALYSIS = YES;
				CLANG_WARN_STRICT_PROTOTYPES = YES;
				CLANG_WARN_SUSPICIOUS_MOVE = YES;
				CLANG_WARN_UNGUARDED_AVAILABILITY = YES_AGGRESSIVE;
				CLANG_WARN_UNREACHABLE_CODE = YES;
				CLANG_WARN__DUPLICATE_METHOD_MATCH = YES;
				COPY_PHASE_STRIP = NO;
				DEBUG_INFORMATION_FORMAT = "dwarf-with-dsym";
				ENABLE_NS_ASSERTIONS = NO;
				ENABLE_STRICT_OBJC_MSGSEND = YES;
				GCC_C_LANGUAGE_STANDARD = gnu11;
				GCC_NO_COMMON_BLOCKS = YES;
				GCC_WARN_64_TO_32_BIT_CONVERSION = YES;
				GCC_WARN_ABOUT_RETURN_TYPE = YES_ERROR;
				GCC_WARN_UNDECLARED_SELECTOR = YES;
				GCC_WARN_UNINITIALIZED_AUTOS = YES_AGGRESSIVE;
				GCC_WARN_UNUSED_FUNCTION = YES;
				GCC_WARN_UNUSED_VARIABLE = YES;
				IPHONEOS_DEPLOYMENT_TARGET = 16.4;
				MTL_ENABLE_DEBUG_INFO = NO;
				MTL_FAST_MATH = YES;
				SDKROOT = iphoneos;
				SWIFT_COMPILATION_MODE = wholemodule;
				SWIFT_OPTIMIZATION_LEVEL = "-O";
				VALIDATE_PRODUCT = YES;
			};
			name = Release;
		};
		183758252AA8888B00C5A005 /* Debug */ = {
			isa = XCBuildConfiguration;
			buildSettings = {
				ASSETCATALOG_COMPILER_APPICON_NAME = AppIcon;
				ASSETCATALOG_COMPILER_GLOBAL_ACCENT_COLOR_NAME = AccentColor;
				CODE_SIGN_STYLE = Automatic;
				CURRENT_PROJECT_VERSION = 1;
				DEVELOPMENT_ASSET_PATHS = "\"SandstormSoftwareTextApp/Preview Content\"";
				DEVELOPMENT_TEAM = N84H63QL52;
				ENABLE_PREVIEWS = YES;
				GENERATE_INFOPLIST_FILE = YES;
				INFOPLIST_KEY_UIApplicationSceneManifest_Generation = YES;
				INFOPLIST_KEY_UIApplicationSupportsIndirectInputEvents = YES;
				INFOPLIST_KEY_UILaunchScreen_Generation = YES;
				INFOPLIST_KEY_UISupportedInterfaceOrientations_iPad = "UIInterfaceOrientationPortrait UIInterfaceOrientationPortraitUpsideDown UIInterfaceOrientationLandscapeLeft UIInterfaceOrientationLandscapeRight";
				INFOPLIST_KEY_UISupportedInterfaceOrientations_iPhone = "UIInterfaceOrientationPortrait UIInterfaceOrientationLandscapeLeft UIInterfaceOrientationLandscapeRight";
				LD_RUNPATH_SEARCH_PATHS = (
					"$(inherited)",
					"@executable_path/Frameworks",
				);
				MARKETING_VERSION = 1.0;
				PRODUCT_BUNDLE_IDENTIFIER = com.iosdev54.SandstormSoftwareTextApp;
				PRODUCT_NAME = "$(TARGET_NAME)";
				SWIFT_EMIT_LOC_STRINGS = YES;
				SWIFT_VERSION = 5.0;
				TARGETED_DEVICE_FAMILY = "1,2";
			};
			name = Debug;
		};
		183758262AA8888B00C5A005 /* Release */ = {
			isa = XCBuildConfiguration;
			buildSettings = {
				ASSETCATALOG_COMPILER_APPICON_NAME = AppIcon;
				ASSETCATALOG_COMPILER_GLOBAL_ACCENT_COLOR_NAME = AccentColor;
				CODE_SIGN_STYLE = Automatic;
				CURRENT_PROJECT_VERSION = 1;
				DEVELOPMENT_ASSET_PATHS = "\"SandstormSoftwareTextApp/Preview Content\"";
				DEVELOPMENT_TEAM = N84H63QL52;
				ENABLE_PREVIEWS = YES;
				GENERATE_INFOPLIST_FILE = YES;
				INFOPLIST_KEY_UIApplicationSceneManifest_Generation = YES;
				INFOPLIST_KEY_UIApplicationSupportsIndirectInputEvents = YES;
				INFOPLIST_KEY_UILaunchScreen_Generation = YES;
				INFOPLIST_KEY_UISupportedInterfaceOrientations_iPad = "UIInterfaceOrientationPortrait UIInterfaceOrientationPortraitUpsideDown UIInterfaceOrientationLandscapeLeft UIInterfaceOrientationLandscapeRight";
				INFOPLIST_KEY_UISupportedInterfaceOrientations_iPhone = "UIInterfaceOrientationPortrait UIInterfaceOrientationLandscapeLeft UIInterfaceOrientationLandscapeRight";
				LD_RUNPATH_SEARCH_PATHS = (
					"$(inherited)",
					"@executable_path/Frameworks",
				);
				MARKETING_VERSION = 1.0;
				PRODUCT_BUNDLE_IDENTIFIER = com.iosdev54.SandstormSoftwareTextApp;
				PRODUCT_NAME = "$(TARGET_NAME)";
				SWIFT_EMIT_LOC_STRINGS = YES;
				SWIFT_VERSION = 5.0;
				TARGETED_DEVICE_FAMILY = "1,2";
			};
			name = Release;
		};
/* End XCBuildConfiguration section */

/* Begin XCConfigurationList section */
		183758112AA8888900C5A005 /* Build configuration list for PBXProject "SandstormSoftwareTextApp" */ = {
			isa = XCConfigurationList;
			buildConfigurations = (
				183758222AA8888B00C5A005 /* Debug */,
				183758232AA8888B00C5A005 /* Release */,
			);
			defaultConfigurationIsVisible = 0;
			defaultConfigurationName = Release;
		};
		183758242AA8888B00C5A005 /* Build configuration list for PBXNativeTarget "SandstormSoftwareTextApp" */ = {
			isa = XCConfigurationList;
			buildConfigurations = (
				183758252AA8888B00C5A005 /* Debug */,
				183758262AA8888B00C5A005 /* Release */,
			);
			defaultConfigurationIsVisible = 0;
			defaultConfigurationName = Release;
		};
/* End XCConfigurationList section */
	};
	rootObject = 1837580E2AA8888900C5A005 /* Project object */;
}
